
Microsoft Visual Studio Solution File, Format Version 12.00
# Visual Studio Version 16
VisualStudioVersion = 16.0.31005.135
MinimumVisualStudioVersion = 10.0.40219.1
Project("{9A19103F-16F7-4668-BE54-9A1E7A4F7556}") = "Dhaf.Node", "Dhaf.Node\Dhaf.Node.csproj", "{8567AF9C-6406-431F-9C1D-74460B9CBC4A}"
EndProject
Project("{9A19103F-16F7-4668-BE54-9A1E7A4F7556}") = "Dhaf.Switchers.Cloudflare", "Dhaf.Switchers.Cloudflare\Dhaf.Switchers.Cloudflare.csproj", "{53A14176-6048-4CD6-B13E-C46AE119FE7B}"
EndProject
Project("{9A19103F-16F7-4668-BE54-9A1E7A4F7556}") = "Dhaf.CLI", "Dhaf.CLI\Dhaf.CLI.csproj", "{BE053C9E-8668-4746-A283-02CA32EE552E}"
EndProject
Project("{9A19103F-16F7-4668-BE54-9A1E7A4F7556}") = "Dhaf.Switchers.Exec", "Dhaf.Switchers.Exec\Dhaf.Switchers.Exec.csproj", "{AF16D4AF-96D2-4D0A-B057-1FD5BC888E4B}"
EndProject
Project("{9A19103F-16F7-4668-BE54-9A1E7A4F7556}") = "Dhaf.HealthCheckers.Web", "Dhaf.HealthCheckers.Web\Dhaf.HealthCheckers.Web.csproj", "{E34EFAB0-FAC0-4444-B981-42C60A2762B4}"
EndProject
Project("{9A19103F-16F7-4668-BE54-9A1E7A4F7556}") = "Dhaf.Core", "Dhaf.Core\Dhaf.Core.csproj", "{ACE75F82-05C9-4BE6-A528-12F7CF4ABFDE}"
EndProject
Project("{9A19103F-16F7-4668-BE54-9A1E7A4F7556}") = "Dhaf.HealthCheckers.Exec", "Dhaf.HealthCheckers.Exec\Dhaf.HealthCheckers.Exec.csproj", "{F8C98E17-835F-41F5-AB7E-5CE85AD010E6}"
EndProject
Project("{9A19103F-16F7-4668-BE54-9A1E7A4F7556}") = "Dhaf.Notifiers.Email", "Dhaf.Notifiers.Email\Dhaf.Notifiers.Email.csproj", "{01665C8E-8D27-4CDB-A965-2756D8030624}"
EndProject
Project("{9A19103F-16F7-4668-BE54-9A1E7A4F7556}") = "Dhaf.Notifiers.Telegram", "Dhaf.Notifiers.Telegram\Dhaf.Notifiers.Telegram.csproj", "{010BAE78-C9AD-4F60-A3AD-7588C724E52A}"
EndProject
Project("{9A19103F-16F7-4668-BE54-9A1E7A4F7556}") = "Dhaf.Core.Tests", "..\tests\Dhaf.Core.Tests\Dhaf.Core.Tests.csproj", "{B24910B3-1629-4C77-81B6-CED348589E29}"
EndProject
Project("{9A19103F-16F7-4668-BE54-9A1E7A4F7556}") = "Dhaf.Node.DataTransferObjects", "Dhaf.Node.DataTransferObjects\Dhaf.Node.DataTransferObjects.csproj", "{7BCA415F-B775-428C-8903-26FCDC1AFCB3}"
EndProject
Project("{9A19103F-16F7-4668-BE54-9A1E7A4F7556}") = "Dhaf.Switchers.GoogleCloud", "Dhaf.Switchers.GoogleCloud\Dhaf.Switchers.GoogleCloud.csproj", "{B90E1B46-8259-4B93-85FB-D7C50F09E582}"
EndProject
Project("{FAE04EC0-301F-11D3-BF4B-00C04F79EFBC}") = "Dhaf.HealthCheckers.Tcp", "Dhaf.HealthCheckers.Tcp\Dhaf.HealthCheckers.Tcp.csproj", "{60712C16-B67F-485D-A64A-0E446EAD4EFB}"
EndProject
Global
	GlobalSection(SolutionConfigurationPlatforms) = preSolution
		Debug|Any CPU = Debug|Any CPU
		Release|Any CPU = Release|Any CPU
	EndGlobalSection
	GlobalSection(ProjectConfigurationPlatforms) = postSolution
		{8567AF9C-6406-431F-9C1D-74460B9CBC4A}.Debug|Any CPU.ActiveCfg = Debug|Any CPU
		{8567AF9C-6406-431F-9C1D-74460B9CBC4A}.Debug|Any CPU.Build.0 = Debug|Any CPU
		{8567AF9C-6406-431F-9C1D-74460B9CBC4A}.Release|Any CPU.ActiveCfg = Release|Any CPU
		{8567AF9C-6406-431F-9C1D-74460B9CBC4A}.Release|Any CPU.Build.0 = Release|Any CPU
		{53A14176-6048-4CD6-B13E-C46AE119FE7B}.Debug|Any CPU.ActiveCfg = Debug|Any CPU
		{53A14176-6048-4CD6-B13E-C46AE119FE7B}.Debug|Any CPU.Build.0 = Debug|Any CPU
		{53A14176-6048-4CD6-B13E-C46AE119FE7B}.Release|Any CPU.ActiveCfg = Release|Any CPU
		{53A14176-6048-4CD6-B13E-C46AE119FE7B}.Release|Any CPU.Build.0 = Release|Any CPU
		{BE053C9E-8668-4746-A283-02CA32EE552E}.Debug|Any CPU.ActiveCfg = Debug|Any CPU
		{BE053C9E-8668-4746-A283-02CA32EE552E}.Debug|Any CPU.Build.0 = Debug|Any CPU
		{BE053C9E-8668-4746-A283-02CA32EE552E}.Release|Any CPU.ActiveCfg = Release|Any CPU
		{BE053C9E-8668-4746-A283-02CA32EE552E}.Release|Any CPU.Build.0 = Release|Any CPU
		{AF16D4AF-96D2-4D0A-B057-1FD5BC888E4B}.Debug|Any CPU.ActiveCfg = Debug|Any CPU
		{AF16D4AF-96D2-4D0A-B057-1FD5BC888E4B}.Debug|Any CPU.Build.0 = Debug|Any CPU
		{AF16D4AF-96D2-4D0A-B057-1FD5BC888E4B}.Release|Any CPU.ActiveCfg = Release|Any CPU
		{AF16D4AF-96D2-4D0A-B057-1FD5BC888E4B}.Release|Any CPU.Build.0 = Release|Any CPU
		{E34EFAB0-FAC0-4444-B981-42C60A2762B4}.Debug|Any CPU.ActiveCfg = Debug|Any CPU
		{E34EFAB0-FAC0-4444-B981-42C60A2762B4}.Debug|Any CPU.Build.0 = Debug|Any CPU
		{E34EFAB0-FAC0-4444-B981-42C60A2762B4}.Release|Any CPU.ActiveCfg = Release|Any CPU
		{E34EFAB0-FAC0-4444-B981-42C60A2762B4}.Release|Any CPU.Build.0 = Release|Any CPU
		{ACE75F82-05C9-4BE6-A528-12F7CF4ABFDE}.Debug|Any CPU.ActiveCfg = Debug|Any CPU
		{ACE75F82-05C9-4BE6-A528-12F7CF4ABFDE}.Debug|Any CPU.Build.0 = Debug|Any CPU
		{ACE75F82-05C9-4BE6-A528-12F7CF4ABFDE}.Release|Any CPU.ActiveCfg = Release|Any CPU
		{ACE75F82-05C9-4BE6-A528-12F7CF4ABFDE}.Release|Any CPU.Build.0 = Release|Any CPU
		{F8C98E17-835F-41F5-AB7E-5CE85AD010E6}.Debug|Any CPU.ActiveCfg = Debug|Any CPU
		{F8C98E17-835F-41F5-AB7E-5CE85AD010E6}.Debug|Any CPU.Build.0 = Debug|Any CPU
		{F8C98E17-835F-41F5-AB7E-5CE85AD010E6}.Release|Any CPU.ActiveCfg = Release|Any CPU
		{F8C98E17-835F-41F5-AB7E-5CE85AD010E6}.Release|Any CPU.Build.0 = Release|Any CPU
		{01665C8E-8D27-4CDB-A965-2756D8030624}.Debug|Any CPU.ActiveCfg = Debug|Any CPU
		{01665C8E-8D27-4CDB-A965-2756D8030624}.Debug|Any CPU.Build.0 = Debug|Any CPU
		{01665C8E-8D27-4CDB-A965-2756D8030624}.Release|Any CPU.ActiveCfg = Release|Any CPU
		{01665C8E-8D27-4CDB-A965-2756D8030624}.Release|Any CPU.Build.0 = Release|Any CPU
		{010BAE78-C9AD-4F60-A3AD-7588C724E52A}.Debug|Any CPU.ActiveCfg = Debug|Any CPU
		{010BAE78-C9AD-4F60-A3AD-7588C724E52A}.Debug|Any CPU.Build.0 = Debug|Any CPU
		{010BAE78-C9AD-4F60-A3AD-7588C724E52A}.Release|Any CPU.ActiveCfg = Release|Any CPU
		{010BAE78-C9AD-4F60-A3AD-7588C724E52A}.Release|Any CPU.Build.0 = Release|Any CPU
		{B24910B3-1629-4C77-81B6-CED348589E29}.Debug|Any CPU.ActiveCfg = Debug|Any CPU
		{B24910B3-1629-4C77-81B6-CED348589E29}.Debug|Any CPU.Build.0 = Debug|Any CPU
		{B24910B3-1629-4C77-81B6-CED348589E29}.Release|Any CPU.ActiveCfg = Release|Any CPU
		{B24910B3-1629-4C77-81B6-CED348589E29}.Release|Any CPU.Build.0 = Release|Any CPU
		{7BCA415F-B775-428C-8903-26FCDC1AFCB3}.Debug|Any CPU.ActiveCfg = Debug|Any CPU
		{7BCA415F-B775-428C-8903-26FCDC1AFCB3}.Debug|Any CPU.Build.0 = Debug|Any CPU
		{7BCA415F-B775-428C-8903-26FCDC1AFCB3}.Release|Any CPU.ActiveCfg = Release|Any CPU
		{7BCA415F-B775-428C-8903-26FCDC1AFCB3}.Release|Any CPU.Build.0 = Release|Any CPU
		{B90E1B46-8259-4B93-85FB-D7C50F09E582}.Debug|Any CPU.ActiveCfg = Debug|Any CPU
		{B90E1B46-8259-4B93-85FB-D7C50F09E582}.Debug|Any CPU.Build.0 = Debug|Any CPU
		{B90E1B46-8259-4B93-85FB-D7C50F09E582}.Release|Any CPU.ActiveCfg = Release|Any CPU
		{B90E1B46-8259-4B93-85FB-D7C50F09E582}.Release|Any CPU.Build.0 = Release|Any CPU
		{60712C16-B67F-485D-A64A-0E446EAD4EFB}.Debug|Any CPU.ActiveCfg = Debug|Any CPU
		{60712C16-B67F-485D-A64A-0E446EAD4EFB}.Debug|Any CPU.Build.0 = Debug|Any CPU
		{60712C16-B67F-485D-A64A-0E446EAD4EFB}.Release|Any CPU.ActiveCfg = Release|Any CPU
		{60712C16-B67F-485D-A64A-0E446EAD4EFB}.Release|Any CPU.Build.0 = Release|Any CPU
	EndGlobalSection
	GlobalSection(SolutionProperties) = preSolution
		HideSolutionNode = FALSE
	EndGlobalSection
	GlobalSection(ExtensibilityGlobals) = postSolution
		SolutionGuid = {CB278208-B774-42D8-AD9A-33944C91F157}
	EndGlobalSection
EndGlobal
